
Microsoft Visual Studio Solution File, Format Version 12.00
Project("{FAE04EC0-301F-11D3-BF4B-00C04F79EFBC}") = "Application", "Application\Application.csproj", "{444AB44A-59DA-434D-8690-58DDA95BFF82}"
EndProject
Project("{F2A71F9B-5D33-465A-A702-920D77279786}") = "Engine", "Engine\Engine.fsproj", "{A1F543AF-7065-4556-9A17-73AE1EE34C1B}"
EndProject
Global
	GlobalSection(SolutionConfigurationPlatforms) = preSolution
		Debug|Any CPU = Debug|Any CPU
		Release|Any CPU = Release|Any CPU
	EndGlobalSection
	GlobalSection(ProjectConfigurationPlatforms) = postSolution
		{444AB44A-59DA-434D-8690-58DDA95BFF82}.Debug|Any CPU.ActiveCfg = Debug|Any CPU
		{444AB44A-59DA-434D-8690-58DDA95BFF82}.Debug|Any CPU.Build.0 = Debug|Any CPU
		{444AB44A-59DA-434D-8690-58DDA95BFF82}.Release|Any CPU.ActiveCfg = Release|Any CPU
		{444AB44A-59DA-434D-8690-58DDA95BFF82}.Release|Any CPU.Build.0 = Release|Any CPU
		{A1F543AF-7065-4556-9A17-73AE1EE34C1B}.Debug|Any CPU.ActiveCfg = Debug|Any CPU
		{A1F543AF-7065-4556-9A17-73AE1EE34C1B}.Debug|Any CPU.Build.0 = Debug|Any CPU
		{A1F543AF-7065-4556-9A17-73AE1EE34C1B}.Release|Any CPU.ActiveCfg = Release|Any CPU
		{A1F543AF-7065-4556-9A17-73AE1EE34C1B}.Release|Any CPU.Build.0 = Release|Any CPU
	EndGlobalSection
EndGlobal
